
Microsoft Visual Studio Solution File, Format Version 12.00
# Visual Studio Version 17
VisualStudioVersion = 17.4.33213.308
MinimumVisualStudioVersion = 10.0.40219.1
Project("{FAE04EC0-301F-11D3-BF4B-00C04F79EFBC}") = "WebApplication1", "WebApplication1\WebApplication1.csproj", "{C8A2163C-3FAC-4367-BAA1-2B8CC486143E}"
EndProject
Global
	GlobalSection(SolutionConfigurationPlatforms) = preSolution
		Debug|Any CPU = Debug|Any CPU
		Release|Any CPU = Release|Any CPU
	EndGlobalSection
	GlobalSection(ProjectConfigurationPlatforms) = postSolution
		{C8A2163C-3FAC-4367-BAA1-2B8CC486143E}.Debug|Any CPU.ActiveCfg = Debug|Any CPU
		{C8A2163C-3FAC-4367-BAA1-2B8CC486143E}.Debug|Any CPU.Build.0 = Debug|Any CPU
		{C8A2163C-3FAC-4367-BAA1-2B8CC486143E}.Release|Any CPU.ActiveCfg = Release|Any CPU
		{C8A2163C-3FAC-4367-BAA1-2B8CC486143E}.Release|Any CPU.Build.0 = Release|Any CPU
	EndGlobalSection
	GlobalSection(SolutionProperties) = preSolution
		HideSolutionNode = FALSE
	EndGlobalSection
	GlobalSection(ExtensibilityGlobals) = postSolution
		SolutionGuid = {227D9607-907F-4F1B-A6EB-3B63E69E29C1}
	EndGlobalSection
EndGlobal
